
Microsoft Visual Studio Solution File, Format Version 10.00
# Visual Studio 2008
Project("{FAE04EC0-301F-11D3-BF4B-00C04F79EFBC}") = "GestureLib.Implementation", "GestureLib.Implementation\GestureLib.Implementation.csproj", "{CA7C88A4-8590-4D81-8580-60BE81219C3A}"
EndProject
Project("{FAE04EC0-301F-11D3-BF4B-00C04F79EFBC}") = "GestureLib", "..\GestureLib\GestureLib\GestureLib.csproj", "{AA478CEB-84FE-4953-A147-721484E17DCE}"
EndProject
Global
	GlobalSection(SolutionConfigurationPlatforms) = preSolution
		Debug|Any CPU = Debug|Any CPU
		Release|Any CPU = Release|Any CPU
	EndGlobalSection
	GlobalSection(ProjectConfigurationPlatforms) = postSolution
		{CA7C88A4-8590-4D81-8580-60BE81219C3A}.Debug|Any CPU.ActiveCfg = Debug|Any CPU
		{CA7C88A4-8590-4D81-8580-60BE81219C3A}.Debug|Any CPU.Build.0 = Debug|Any CPU
		{CA7C88A4-8590-4D81-8580-60BE81219C3A}.Release|Any CPU.ActiveCfg = Release|Any CPU
		{CA7C88A4-8590-4D81-8580-60BE81219C3A}.Release|Any CPU.Build.0 = Release|Any CPU
		{AA478CEB-84FE-4953-A147-721484E17DCE}.Debug|Any CPU.ActiveCfg = Debug|Any CPU
		{AA478CEB-84FE-4953-A147-721484E17DCE}.Debug|Any CPU.Build.0 = Debug|Any CPU
		{AA478CEB-84FE-4953-A147-721484E17DCE}.Release|Any CPU.ActiveCfg = Release|Any CPU
		{AA478CEB-84FE-4953-A147-721484E17DCE}.Release|Any CPU.Build.0 = Release|Any CPU
	EndGlobalSection
	GlobalSection(SolutionProperties) = preSolution
		HideSolutionNode = FALSE
	EndGlobalSection
EndGlobal
